
Microsoft Visual Studio Solution File, Format Version 12.00
# Visual Studio Version 16
VisualStudioVersion = 16.0.810.25
MinimumVisualStudioVersion = 10.0.40219.1
Project("{FAE04EC0-301F-11D3-BF4B-00C04F79EFBC}") = "Financer.API", "src\Financer.API\Financer.API.csproj", "{CAB0E431-800C-4424-BDBF-50ED67419F80}"
EndProject
Project("{FAE04EC0-301F-11D3-BF4B-00C04F79EFBC}") = "Financer.DataAccess", "src\Financer.DataAccess\Financer.DataAccess.csproj", "{A46ACFBD-0D40-4A61-BBEC-A7160D634B50}"
EndProject
Project("{FAE04EC0-301F-11D3-BF4B-00C04F79EFBC}") = "Financer.Infrastructure", "src\Financer.Infrastructure\Financer.Infrastructure.csproj", "{30D8FC40-06E4-4A72-8D1F-1457895DC7A4}"
EndProject
Global
	GlobalSection(SolutionConfigurationPlatforms) = preSolution
		Debug|Any CPU = Debug|Any CPU
		Release|Any CPU = Release|Any CPU
	EndGlobalSection
	GlobalSection(ProjectConfigurationPlatforms) = postSolution
		{CAB0E431-800C-4424-BDBF-50ED67419F80}.Debug|Any CPU.ActiveCfg = Debug|Any CPU
		{CAB0E431-800C-4424-BDBF-50ED67419F80}.Debug|Any CPU.Build.0 = Debug|Any CPU
		{CAB0E431-800C-4424-BDBF-50ED67419F80}.Release|Any CPU.ActiveCfg = Release|Any CPU
		{CAB0E431-800C-4424-BDBF-50ED67419F80}.Release|Any CPU.Build.0 = Release|Any CPU
		{A46ACFBD-0D40-4A61-BBEC-A7160D634B50}.Debug|Any CPU.ActiveCfg = Debug|Any CPU
		{A46ACFBD-0D40-4A61-BBEC-A7160D634B50}.Debug|Any CPU.Build.0 = Debug|Any CPU
		{A46ACFBD-0D40-4A61-BBEC-A7160D634B50}.Release|Any CPU.ActiveCfg = Release|Any CPU
		{A46ACFBD-0D40-4A61-BBEC-A7160D634B50}.Release|Any CPU.Build.0 = Release|Any CPU
		{30D8FC40-06E4-4A72-8D1F-1457895DC7A4}.Debug|Any CPU.ActiveCfg = Debug|Any CPU
		{30D8FC40-06E4-4A72-8D1F-1457895DC7A4}.Debug|Any CPU.Build.0 = Debug|Any CPU
		{30D8FC40-06E4-4A72-8D1F-1457895DC7A4}.Release|Any CPU.ActiveCfg = Release|Any CPU
		{30D8FC40-06E4-4A72-8D1F-1457895DC7A4}.Release|Any CPU.Build.0 = Release|Any CPU
	EndGlobalSection
	GlobalSection(SolutionProperties) = preSolution
		HideSolutionNode = FALSE
	EndGlobalSection
	GlobalSection(ExtensibilityGlobals) = postSolution
		SolutionGuid = {68175333-B5FC-4674-B772-3867775AC9E9}
	EndGlobalSection
EndGlobal
